// !$*UTF8*$!
{
	archiveVersion = 1;
	classes = {
	};
	objectVersion = 90;
	objects = {

/* Begin PBXBuildFile section */
		61915A9C2D81C3FA00CB3B5F /* Alamofire in Frameworks */ = {isa = PBXBuildFile; productRef = 61915A9B2D81C3FA00CB3B5F /* Alamofire */; };
		61915AA12D81D68900CB3B5F /* SDWebImage in Frameworks */ = {isa = PBXBuildFile; productRef = 61915AA02D81D68900CB3B5F /* SDWebImage */; };
		61B26B1F2D82509500D60DA1 /* Lottie in Frameworks */ = {isa = PBXBuildFile; productRef = 61B26B1E2D82509500D60DA1 /* Lottie */; };
		61B26B222D82970500D60DA1 /* CoreData.framework in Frameworks */ = {isa = PBXBuildFile; fileRef = 61B26B212D82970500D60DA1 /* CoreData.framework */; };
/* End PBXBuildFile section */

/* Begin PBXContainerItemProxy section */
		619159CB2D816FEA00CB3B5F /* PBXContainerItemProxy */ = {
			isa = PBXContainerItemProxy;
			containerPortal = 619159AC2D816FE900CB3B5F /* Project object */;
			proxyType = 1;
			remoteGlobalIDString = 619159B32D816FE900CB3B5F;
			remoteInfo = "IBI Products Store";
		};
		619159D52D816FEA00CB3B5F /* PBXContainerItemProxy */ = {
			isa = PBXContainerItemProxy;
			containerPortal = 619159AC2D816FE900CB3B5F /* Project object */;
			proxyType = 1;
			remoteGlobalIDString = 619159B32D816FE900CB3B5F;
			remoteInfo = "IBI Products Store";
		};
/* End PBXContainerItemProxy section */

/* Begin PBXFileReference section */
		619159B42D816FE900CB3B5F /* IBI Products Store.app */ = {isa = PBXFileReference; explicitFileType = wrapper.application; includeInIndex = 0; path = "IBI Products Store.app"; sourceTree = BUILT_PRODUCTS_DIR; };
		619159CA2D816FEA00CB3B5F /* IBI Products StoreTests.xctest */ = {isa = PBXFileReference; explicitFileType = wrapper.cfbundle; includeInIndex = 0; path = "IBI Products StoreTests.xctest"; sourceTree = BUILT_PRODUCTS_DIR; };
		619159D42D816FEA00CB3B5F /* IBI Products StoreUITests.xctest */ = {isa = PBXFileReference; explicitFileType = wrapper.cfbundle; includeInIndex = 0; path = "IBI Products StoreUITests.xctest"; sourceTree = BUILT_PRODUCTS_DIR; };
		61B26B212D82970500D60DA1 /* CoreData.framework */ = {isa = PBXFileReference; lastKnownFileType = wrapper.framework; name = CoreData.framework; path = System/Library/Frameworks/CoreData.framework; sourceTree = SDKROOT; };
/* End PBXFileReference section */

/* Begin PBXFileSystemSynchronizedBuildFileExceptionSet section */
		619159DC2D816FEA00CB3B5F /* Exceptions for "IBI Products Store" folder in "IBI Products Store" target */ = {
			isa = PBXFileSystemSynchronizedBuildFileExceptionSet;
			membershipExceptions = (
				Info.plist,
			);
			target = 619159B32D816FE900CB3B5F /* IBI Products Store */;
		};
/* End PBXFileSystemSynchronizedBuildFileExceptionSet section */

/* Begin PBXFileSystemSynchronizedRootGroup section */
		619159B62D816FE900CB3B5F /* IBI Products Store */ = {
			isa = PBXFileSystemSynchronizedRootGroup;
			exceptions = (
				619159DC2D816FEA00CB3B5F /* Exceptions for "IBI Products Store" folder in "IBI Products Store" target */,
			);
			path = "IBI Products Store";
			sourceTree = "<group>";
		};
		619159CD2D816FEA00CB3B5F /* IBI Products StoreTests */ = {
			isa = PBXFileSystemSynchronizedRootGroup;
			path = "IBI Products StoreTests";
			sourceTree = "<group>";
		};
		619159D72D816FEA00CB3B5F /* IBI Products StoreUITests */ = {
			isa = PBXFileSystemSynchronizedRootGroup;
			path = "IBI Products StoreUITests";
			sourceTree = "<group>";
		};
/* End PBXFileSystemSynchronizedRootGroup section */

/* Begin PBXFrameworksBuildPhase section */
		619159B12D816FE900CB3B5F /* Frameworks */ = {
			isa = PBXFrameworksBuildPhase;
			files = (
				61B26B222D82970500D60DA1 /* CoreData.framework in Frameworks */,
				61915AA12D81D68900CB3B5F /* SDWebImage in Frameworks */,
				61915A9C2D81C3FA00CB3B5F /* Alamofire in Frameworks */,
				61B26B1F2D82509500D60DA1 /* Lottie in Frameworks */,
			);
		};
		619159C72D816FEA00CB3B5F /* Frameworks */ = {
			isa = PBXFrameworksBuildPhase;
			files = (
			);
		};
		619159D12D816FEA00CB3B5F /* Frameworks */ = {
			isa = PBXFrameworksBuildPhase;
			files = (
			);
		};
/* End PBXFrameworksBuildPhase section */

/* Begin PBXGroup section */
		619159AB2D816FE900CB3B5F = {
			isa = PBXGroup;
			children = (
				619159B62D816FE900CB3B5F /* IBI Products Store */,
				619159CD2D816FEA00CB3B5F /* IBI Products StoreTests */,
				619159D72D816FEA00CB3B5F /* IBI Products StoreUITests */,
				61B26B202D82970500D60DA1 /* Frameworks */,
				619159B52D816FE900CB3B5F /* Products */,
			);
			sourceTree = "<group>";
		};
		619159B52D816FE900CB3B5F /* Products */ = {
			isa = PBXGroup;
			children = (
				619159B42D816FE900CB3B5F /* IBI Products Store.app */,
				619159CA2D816FEA00CB3B5F /* IBI Products StoreTests.xctest */,
				619159D42D816FEA00CB3B5F /* IBI Products StoreUITests.xctest */,
			);
			name = Products;
			sourceTree = "<group>";
		};
		61B26B202D82970500D60DA1 /* Frameworks */ = {
			isa = PBXGroup;
			children = (
				61B26B212D82970500D60DA1 /* CoreData.framework */,
			);
			name = Frameworks;
			sourceTree = "<group>";
		};
/* End PBXGroup section */

/* Begin PBXNativeTarget section */
		619159B32D816FE900CB3B5F /* IBI Products Store */ = {
			isa = PBXNativeTarget;
			buildConfigurationList = 619159DD2D816FEA00CB3B5F /* Build configuration list for PBXNativeTarget "IBI Products Store" */;
			buildPhases = (
				619159B02D816FE900CB3B5F /* Sources */,
				619159B12D816FE900CB3B5F /* Frameworks */,
				619159B22D816FE900CB3B5F /* Resources */,
			);
			buildRules = (
			);
			fileSystemSynchronizedGroups = (
				619159B62D816FE900CB3B5F /* IBI Products Store */,
			);
			name = "IBI Products Store";
			packageProductDependencies = (
				61915A9B2D81C3FA00CB3B5F /* Alamofire */,
				61915AA02D81D68900CB3B5F /* SDWebImage */,
				61B26B1E2D82509500D60DA1 /* Lottie */,
			);
			productName = "IBI Products Store";
			productReference = 619159B42D816FE900CB3B5F /* IBI Products Store.app */;
			productType = "com.apple.product-type.application";
		};
		619159C92D816FEA00CB3B5F /* IBI Products StoreTests */ = {
			isa = PBXNativeTarget;
			buildConfigurationList = 619159E22D816FEA00CB3B5F /* Build configuration list for PBXNativeTarget "IBI Products StoreTests" */;
			buildPhases = (
				619159C62D816FEA00CB3B5F /* Sources */,
				619159C72D816FEA00CB3B5F /* Frameworks */,
				619159C82D816FEA00CB3B5F /* Resources */,
			);
			buildRules = (
			);
			dependencies = (
				619159CC2D816FEA00CB3B5F /* PBXTargetDependency */,
			);
			fileSystemSynchronizedGroups = (
				619159CD2D816FEA00CB3B5F /* IBI Products StoreTests */,
			);
			name = "IBI Products StoreTests";
			productName = "IBI Products StoreTests";
			productReference = 619159CA2D816FEA00CB3B5F /* IBI Products StoreTests.xctest */;
			productType = "com.apple.product-type.bundle.unit-test";
		};
		619159D32D816FEA00CB3B5F /* IBI Products StoreUITests */ = {
			isa = PBXNativeTarget;
			buildConfigurationList = 619159E52D816FEA00CB3B5F /* Build configuration list for PBXNativeTarget "IBI Products StoreUITests" */;
			buildPhases = (
				619159D02D816FEA00CB3B5F /* Sources */,
				619159D12D816FEA00CB3B5F /* Frameworks */,
				619159D22D816FEA00CB3B5F /* Resources */,
			);
			buildRules = (
			);
			dependencies = (
				619159D62D816FEA00CB3B5F /* PBXTargetDependency */,
			);
			fileSystemSynchronizedGroups = (
				619159D72D816FEA00CB3B5F /* IBI Products StoreUITests */,
			);
			name = "IBI Products StoreUITests";
			productName = "IBI Products StoreUITests";
			productReference = 619159D42D816FEA00CB3B5F /* IBI Products StoreUITests.xctest */;
			productType = "com.apple.product-type.bundle.ui-testing";
		};
/* End PBXNativeTarget section */

/* Begin PBXProject section */
		619159AC2D816FE900CB3B5F /* Project object */ = {
			isa = PBXProject;
			attributes = {
				BuildIndependentTargetsInParallel = 1;
				LastSwiftUpdateCheck = 1620;
				LastUpgradeCheck = 1620;
				TargetAttributes = {
					619159B32D816FE900CB3B5F = {
						CreatedOnToolsVersion = 16.2;
					};
					619159C92D816FEA00CB3B5F = {
						CreatedOnToolsVersion = 16.2;
						TestTargetID = 619159B32D816FE900CB3B5F;
					};
					619159D32D816FEA00CB3B5F = {
						CreatedOnToolsVersion = 16.2;
						TestTargetID = 619159B32D816FE900CB3B5F;
					};
				};
			};
			buildConfigurationList = 619159AF2D816FE900CB3B5F /* Build configuration list for PBXProject "IBI Products Store" */;
			developmentRegion = en;
			hasScannedForEncodings = 0;
			knownRegions = (
				en,
				Base,
				he,
			);
			mainGroup = 619159AB2D816FE900CB3B5F;
			minimizedProjectReferenceProxies = 1;
			packageReferences = (
				61915A9A2D81C3FA00CB3B5F /* XCRemoteSwiftPackageReference "Alamofire" */,
				61915A9F2D81D68900CB3B5F /* XCRemoteSwiftPackageReference "SDWebImage" */,
				61B26B1D2D82509500D60DA1 /* XCRemoteSwiftPackageReference "lottie-ios" */,
			);
			preferredProjectObjectVersion = 90;
			productRefGroup = 619159B52D816FE900CB3B5F /* Products */;
			projectDirPath = "";
			projectRoot = "";
			targets = (
				619159B32D816FE900CB3B5F /* IBI Products Store */,
				619159C92D816FEA00CB3B5F /* IBI Products StoreTests */,
				619159D32D816FEA00CB3B5F /* IBI Products StoreUITests */,
			);
		};
/* End PBXProject section */

/* Begin PBXResourcesBuildPhase section */
		619159B22D816FE900CB3B5F /* Resources */ = {
			isa = PBXResourcesBuildPhase;
			files = (
			);
		};
		619159C82D816FEA00CB3B5F /* Resources */ = {
			isa = PBXResourcesBuildPhase;
			files = (
			);
		};
		619159D22D816FEA00CB3B5F /* Resources */ = {
			isa = PBXResourcesBuildPhase;
			files = (
			);
		};
/* End PBXResourcesBuildPhase section */

/* Begin PBXSourcesBuildPhase section */
		619159B02D816FE900CB3B5F /* Sources */ = {
			isa = PBXSourcesBuildPhase;
			files = (
			);
		};
		619159C62D816FEA00CB3B5F /* Sources */ = {
			isa = PBXSourcesBuildPhase;
			files = (
			);
		};
		619159D02D816FEA00CB3B5F /* Sources */ = {
			isa = PBXSourcesBuildPhase;
			files = (
			);
		};
/* End PBXSourcesBuildPhase section */

/* Begin PBXTargetDependency section */
		619159CC2D816FEA00CB3B5F /* PBXTargetDependency */ = {
			isa = PBXTargetDependency;
			target = 619159B32D816FE900CB3B5F /* IBI Products Store */;
			targetProxy = 619159CB2D816FEA00CB3B5F /* PBXContainerItemProxy */;
		};
		619159D62D816FEA00CB3B5F /* PBXTargetDependency */ = {
			isa = PBXTargetDependency;
			target = 619159B32D816FE900CB3B5F /* IBI Products Store */;
			targetProxy = 619159D52D816FEA00CB3B5F /* PBXContainerItemProxy */;
		};
/* End PBXTargetDependency section */

/* Begin XCBuildConfiguration section */
		619159DE2D816FEA00CB3B5F /* Debug configuration for PBXNativeTarget "IBI Products Store" */ = {
			isa = XCBuildConfiguration;
			buildSettings = {
				ASSETCATALOG_COMPILER_APPICON_NAME = AppIcon;
				ASSETCATALOG_COMPILER_GLOBAL_ACCENT_COLOR_NAME = AccentColor;
				CODE_SIGN_STYLE = Automatic;
				CURRENT_PROJECT_VERSION = 1;
				DEVELOPMENT_TEAM = 5N7Y34SGJE;
				GENERATE_INFOPLIST_FILE = YES;
				INFOPLIST_FILE = "IBI Products Store/Info.plist";
				INFOPLIST_KEY_LSApplicationCategoryType = "public.app-category.business";
				INFOPLIST_KEY_UIApplicationSupportsIndirectInputEvents = YES;
				INFOPLIST_KEY_UILaunchStoryboardName = LaunchScreen;
				INFOPLIST_KEY_UIMainStoryboardFile = Main;
				INFOPLIST_KEY_UISupportedInterfaceOrientations_iPad = "UIInterfaceOrientationPortrait UIInterfaceOrientationPortraitUpsideDown UIInterfaceOrientationLandscapeLeft UIInterfaceOrientationLandscapeRight";
				INFOPLIST_KEY_UISupportedInterfaceOrientations_iPhone = "UIInterfaceOrientationPortrait UIInterfaceOrientationLandscapeLeft UIInterfaceOrientationLandscapeRight";
				LD_RUNPATH_SEARCH_PATHS = (
					"$(inherited)",
					"@executable_path/Frameworks",
				);
				MARKETING_VERSION = 1.0;
				PRODUCT_BUNDLE_IDENTIFIER = "com.chirchir.dev.IBI-Products-Store";
				PRODUCT_NAME = "$(TARGET_NAME)";
				SWIFT_EMIT_LOC_STRINGS = YES;
				SWIFT_VERSION = 5.0;
				TARGETED_DEVICE_FAMILY = "1,2";
			};
			name = Debug;
		};
		619159DF2D816FEA00CB3B5F /* Release configuration for PBXNativeTarget "IBI Products Store" */ = {
			isa = XCBuildConfiguration;
			buildSettings = {
				ASSETCATALOG_COMPILER_APPICON_NAME = AppIcon;
				ASSETCATALOG_COMPILER_GLOBAL_ACCENT_COLOR_NAME = AccentColor;
				CODE_SIGN_STYLE = Automatic;
				CURRENT_PROJECT_VERSION = 1;
				DEVELOPMENT_TEAM = 5N7Y34SGJE;
				GENERATE_INFOPLIST_FILE = YES;
				INFOPLIST_FILE = "IBI Products Store/Info.plist";
				INFOPLIST_KEY_LSApplicationCategoryType = "public.app-category.business";
				INFOPLIST_KEY_UIApplicationSupportsIndirectInputEvents = YES;
				INFOPLIST_KEY_UILaunchStoryboardName = LaunchScreen;
				INFOPLIST_KEY_UIMainStoryboardFile = Main;
				INFOPLIST_KEY_UISupportedInterfaceOrientations_iPad = "UIInterfaceOrientationPortrait UIInterfaceOrientationPortraitUpsideDown UIInterfaceOrientationLandscapeLeft UIInterfaceOrientationLandscapeRight";
				INFOPLIST_KEY_UISupportedInterfaceOrientations_iPhone = "UIInterfaceOrientationPortrait UIInterfaceOrientationLandscapeLeft UIInterfaceOrientationLandscapeRight";
				LD_RUNPATH_SEARCH_PATHS = (
					"$(inherited)",
					"@executable_path/Frameworks",
				);
				MARKETING_VERSION = 1.0;
				PRODUCT_BUNDLE_IDENTIFIER = "com.chirchir.dev.IBI-Products-Store";
				PRODUCT_NAME = "$(TARGET_NAME)";
				SWIFT_EMIT_LOC_STRINGS = YES;
				SWIFT_VERSION = 5.0;
				TARGETED_DEVICE_FAMILY = "1,2";
			};
			name = Release;
		};
		619159E02D816FEA00CB3B5F /* Debug configuration for PBXProject "IBI Products Store" */ = {
			isa = XCBuildConfiguration;
			buildSettings = {
				ALWAYS_SEARCH_USER_PATHS = NO;
				ASSETCATALOG_COMPILER_GENERATE_SWIFT_ASSET_SYMBOL_EXTENSIONS = YES;
				CLANG_ANALYZER_LOCALIZABILITY_NONLOCALIZED = YES;
				CLANG_ANALYZER_NONNULL = YES;
				CLANG_ANALYZER_NUMBER_OBJECT_CONVERSION = YES_AGGRESSIVE;
				CLANG_CXX_LANGUAGE_STANDARD = "gnu++20";
				CLANG_ENABLE_MODULES = YES;
				CLANG_ENABLE_OBJC_ARC = YES;
				CLANG_ENABLE_OBJC_WEAK = YES;
				CLANG_WARN_BLOCK_CAPTURE_AUTORELEASING = YES;
				CLANG_WARN_BOOL_CONVERSION = YES;
				CLANG_WARN_COMMA = YES;
				CLANG_WARN_CONSTANT_CONVERSION = YES;
				CLANG_WARN_DEPRECATED_OBJC_IMPLEMENTATIONS = YES;
				CLANG_WARN_DIRECT_OBJC_ISA_USAGE = YES_ERROR;
				CLANG_WARN_DOCUMENTATION_COMMENTS = YES;
				CLANG_WARN_EMPTY_BODY = YES;
				CLANG_WARN_ENUM_CONVERSION = YES;
				CLANG_WARN_INFINITE_RECURSION = YES;
				CLANG_WARN_INT_CONVERSION = YES;
				CLANG_WARN_NON_LITERAL_NULL_CONVERSION = YES;
				CLANG_WARN_OBJC_IMPLICIT_RETAIN_SELF = YES;
				CLANG_WARN_OBJC_LITERAL_CONVERSION = YES;
				CLANG_WARN_OBJC_ROOT_CLASS = YES_ERROR;
				CLANG_WARN_QUOTED_INCLUDE_IN_FRAMEWORK_HEADER = YES;
				CLANG_WARN_RANGE_LOOP_ANALYSIS = YES;
				CLANG_WARN_STRICT_PROTOTYPES = YES;
				CLANG_WARN_SUSPICIOUS_MOVE = YES;
				CLANG_WARN_UNGUARDED_AVAILABILITY = YES_AGGRESSIVE;
				CLANG_WARN_UNREACHABLE_CODE = YES;
				CLANG_WARN__DUPLICATE_METHOD_MATCH = YES;
				COPY_PHASE_STRIP = NO;
				DEBUG_INFORMATION_FORMAT = dwarf;
				ENABLE_STRICT_OBJC_MSGSEND = YES;
				ENABLE_TESTABILITY = YES;
				ENABLE_USER_SCRIPT_SANDBOXING = YES;
				GCC_C_LANGUAGE_STANDARD = gnu17;
				GCC_DYNAMIC_NO_PIC = NO;
				GCC_NO_COMMON_BLOCKS = YES;
				GCC_OPTIMIZATION_LEVEL = 0;
				GCC_PREPROCESSOR_DEFINITIONS = (
					"DEBUG=1",
					"$(inherited)",
				);
				GCC_WARN_64_TO_32_BIT_CONVERSION = YES;
				GCC_WARN_ABOUT_RETURN_TYPE = YES_ERROR;
				GCC_WARN_UNDECLARED_SELECTOR = YES;
				GCC_WARN_UNINITIALIZED_AUTOS = YES_AGGRESSIVE;
				GCC_WARN_UNUSED_FUNCTION = YES;
				GCC_WARN_UNUSED_VARIABLE = YES;
				IPHONEOS_DEPLOYMENT_TARGET = 18.2;
				LOCALIZATION_PREFERS_STRING_CATALOGS = YES;
				MTL_ENABLE_DEBUG_INFO = INCLUDE_SOURCE;
				MTL_FAST_MATH = YES;
				ONLY_ACTIVE_ARCH = YES;
				SDKROOT = iphoneos;
				SWIFT_ACTIVE_COMPILATION_CONDITIONS = "DEBUG $(inherited)";
				SWIFT_OPTIMIZATION_LEVEL = "-Onone";
			};
			name = Debug;
		};
		619159E12D816FEA00CB3B5F /* Release configuration for PBXProject "IBI Products Store" */ = {
			isa = XCBuildConfiguration;
			buildSettings = {
				ALWAYS_SEARCH_USER_PATHS = NO;
				ASSETCATALOG_COMPILER_GENERATE_SWIFT_ASSET_SYMBOL_EXTENSIONS = YES;
				CLANG_ANALYZER_LOCALIZABILITY_NONLOCALIZED = YES;
				CLANG_ANALYZER_NONNULL = YES;
				CLANG_ANALYZER_NUMBER_OBJECT_CONVERSION = YES_AGGRESSIVE;
				CLANG_CXX_LANGUAGE_STANDARD = "gnu++20";
				CLANG_ENABLE_MODULES = YES;
				CLANG_ENABLE_OBJC_ARC = YES;
				CLANG_ENABLE_OBJC_WEAK = YES;
				CLANG_WARN_BLOCK_CAPTURE_AUTORELEASING = YES;
				CLANG_WARN_BOOL_CONVERSION = YES;
				CLANG_WARN_COMMA = YES;
				CLANG_WARN_CONSTANT_CONVERSION = YES;
				CLANG_WARN_DEPRECATED_OBJC_IMPLEMENTATIONS = YES;
				CLANG_WARN_DIRECT_OBJC_ISA_USAGE = YES_ERROR;
				CLANG_WARN_DOCUMENTATION_COMMENTS = YES;
				CLANG_WARN_EMPTY_BODY = YES;
				CLANG_WARN_ENUM_CONVERSION = YES;
				CLANG_WARN_INFINITE_RECURSION = YES;
				CLANG_WARN_INT_CONVERSION = YES;
				CLANG_WARN_NON_LITERAL_NULL_CONVERSION = YES;
				CLANG_WARN_OBJC_IMPLICIT_RETAIN_SELF = YES;
				CLANG_WARN_OBJC_LITERAL_CONVERSION = YES;
				CLANG_WARN_OBJC_ROOT_CLASS = YES_ERROR;
				CLANG_WARN_QUOTED_INCLUDE_IN_FRAMEWORK_HEADER = YES;
				CLANG_WARN_RANGE_LOOP_ANALYSIS = YES;
				CLANG_WARN_STRICT_PROTOTYPES = YES;
				CLANG_WARN_SUSPICIOUS_MOVE = YES;
				CLANG_WARN_UNGUARDED_AVAILABILITY = YES_AGGRESSIVE;
				CLANG_WARN_UNREACHABLE_CODE = YES;
				CLANG_WARN__DUPLICATE_METHOD_MATCH = YES;
				COPY_PHASE_STRIP = NO;
				DEBUG_INFORMATION_FORMAT = "dwarf-with-dsym";
				ENABLE_NS_ASSERTIONS = NO;
				ENABLE_STRICT_OBJC_MSGSEND = YES;
				ENABLE_USER_SCRIPT_SANDBOXING = YES;
				GCC_C_LANGUAGE_STANDARD = gnu17;
				GCC_NO_COMMON_BLOCKS = YES;
				GCC_WARN_64_TO_32_BIT_CONVERSION = YES;
				GCC_WARN_ABOUT_RETURN_TYPE = YES_ERROR;
				GCC_WARN_UNDECLARED_SELECTOR = YES;
				GCC_WARN_UNINITIALIZED_AUTOS = YES_AGGRESSIVE;
				GCC_WARN_UNUSED_FUNCTION = YES;
				GCC_WARN_UNUSED_VARIABLE = YES;
				IPHONEOS_DEPLOYMENT_TARGET = 18.2;
				LOCALIZATION_PREFERS_STRING_CATALOGS = YES;
				MTL_ENABLE_DEBUG_INFO = NO;
				MTL_FAST_MATH = YES;
				SDKROOT = iphoneos;
				SWIFT_COMPILATION_MODE = wholemodule;
				VALIDATE_PRODUCT = YES;
			};
			name = Release;
		};
		619159E32D816FEA00CB3B5F /* Debug configuration for PBXNativeTarget "IBI Products StoreTests" */ = {
			isa = XCBuildConfiguration;
			buildSettings = {
				BUNDLE_LOADER = "$(TEST_HOST)";
				CODE_SIGN_STYLE = Automatic;
				CURRENT_PROJECT_VERSION = 1;
				DEVELOPMENT_TEAM = 5N7Y34SGJE;
				GENERATE_INFOPLIST_FILE = YES;
				IPHONEOS_DEPLOYMENT_TARGET = 18.2;
				MARKETING_VERSION = 1.0;
				PRODUCT_BUNDLE_IDENTIFIER = "com.chirchir.dev.IBI-Products-StoreTests";
				PRODUCT_NAME = "$(TARGET_NAME)";
				SWIFT_EMIT_LOC_STRINGS = NO;
				SWIFT_VERSION = 5.0;
				TARGETED_DEVICE_FAMILY = "1,2";
				TEST_HOST = "$(BUILT_PRODUCTS_DIR)/IBI Products Store.app/$(BUNDLE_EXECUTABLE_FOLDER_PATH)/IBI Products Store";
			};
			name = Debug;
		};
		619159E42D816FEA00CB3B5F /* Release configuration for PBXNativeTarget "IBI Products StoreTests" */ = {
			isa = XCBuildConfiguration;
			buildSettings = {
				BUNDLE_LOADER = "$(TEST_HOST)";
				CODE_SIGN_STYLE = Automatic;
				CURRENT_PROJECT_VERSION = 1;
				DEVELOPMENT_TEAM = 5N7Y34SGJE;
				GENERATE_INFOPLIST_FILE = YES;
				IPHONEOS_DEPLOYMENT_TARGET = 18.2;
				MARKETING_VERSION = 1.0;
				PRODUCT_BUNDLE_IDENTIFIER = "com.chirchir.dev.IBI-Products-StoreTests";
				PRODUCT_NAME = "$(TARGET_NAME)";
				SWIFT_EMIT_LOC_STRINGS = NO;
				SWIFT_VERSION = 5.0;
				TARGETED_DEVICE_FAMILY = "1,2";
				TEST_HOST = "$(BUILT_PRODUCTS_DIR)/IBI Products Store.app/$(BUNDLE_EXECUTABLE_FOLDER_PATH)/IBI Products Store";
			};
			name = Release;
		};
		619159E62D816FEA00CB3B5F /* Debug configuration for PBXNativeTarget "IBI Products StoreUITests" */ = {
			isa = XCBuildConfiguration;
			buildSettings = {
				CODE_SIGN_STYLE = Automatic;
				CURRENT_PROJECT_VERSION = 1;
				DEVELOPMENT_TEAM = 5N7Y34SGJE;
				GENERATE_INFOPLIST_FILE = YES;
				MARKETING_VERSION = 1.0;
				PRODUCT_BUNDLE_IDENTIFIER = "com.chirchir.dev.IBI-Products-StoreUITests";
				PRODUCT_NAME = "$(TARGET_NAME)";
				SWIFT_EMIT_LOC_STRINGS = NO;
				SWIFT_VERSION = 5.0;
				TARGETED_DEVICE_FAMILY = "1,2";
				TEST_TARGET_NAME = "IBI Products Store";
			};
			name = Debug;
		};
		619159E72D816FEA00CB3B5F /* Release configuration for PBXNativeTarget "IBI Products StoreUITests" */ = {
			isa = XCBuildConfiguration;
			buildSettings = {
				CODE_SIGN_STYLE = Automatic;
				CURRENT_PROJECT_VERSION = 1;
				DEVELOPMENT_TEAM = 5N7Y34SGJE;
				GENERATE_INFOPLIST_FILE = YES;
				MARKETING_VERSION = 1.0;
				PRODUCT_BUNDLE_IDENTIFIER = "com.chirchir.dev.IBI-Products-StoreUITests";
				PRODUCT_NAME = "$(TARGET_NAME)";
				SWIFT_EMIT_LOC_STRINGS = NO;
				SWIFT_VERSION = 5.0;
				TARGETED_DEVICE_FAMILY = "1,2";
				TEST_TARGET_NAME = "IBI Products Store";
			};
			name = Release;
		};
/* End XCBuildConfiguration section */

/* Begin XCConfigurationList section */
		619159AF2D816FE900CB3B5F /* Build configuration list for PBXProject "IBI Products Store" */ = {
			isa = XCConfigurationList;
			buildConfigurations = (
				619159E02D816FEA00CB3B5F /* Debug configuration for PBXProject "IBI Products Store" */,
				619159E12D816FEA00CB3B5F /* Release configuration for PBXProject "IBI Products Store" */,
			);
			defaultConfigurationName = Release;
		};
		619159DD2D816FEA00CB3B5F /* Build configuration list for PBXNativeTarget "IBI Products Store" */ = {
			isa = XCConfigurationList;
			buildConfigurations = (
				619159DE2D816FEA00CB3B5F /* Debug configuration for PBXNativeTarget "IBI Products Store" */,
				619159DF2D816FEA00CB3B5F /* Release configuration for PBXNativeTarget "IBI Products Store" */,
			);
			defaultConfigurationName = Release;
		};
		619159E22D816FEA00CB3B5F /* Build configuration list for PBXNativeTarget "IBI Products StoreTests" */ = {
			isa = XCConfigurationList;
			buildConfigurations = (
				619159E32D816FEA00CB3B5F /* Debug configuration for PBXNativeTarget "IBI Products StoreTests" */,
				619159E42D816FEA00CB3B5F /* Release configuration for PBXNativeTarget "IBI Products StoreTests" */,
			);
			defaultConfigurationName = Release;
		};
		619159E52D816FEA00CB3B5F /* Build configuration list for PBXNativeTarget "IBI Products StoreUITests" */ = {
			isa = XCConfigurationList;
			buildConfigurations = (
				619159E62D816FEA00CB3B5F /* Debug configuration for PBXNativeTarget "IBI Products StoreUITests" */,
				619159E72D816FEA00CB3B5F /* Release configuration for PBXNativeTarget "IBI Products StoreUITests" */,
			);
			defaultConfigurationName = Release;
		};
/* End XCConfigurationList section */

/* Begin XCRemoteSwiftPackageReference section */
		61915A9A2D81C3FA00CB3B5F /* XCRemoteSwiftPackageReference "Alamofire" */ = {
			isa = XCRemoteSwiftPackageReference;
			repositoryURL = "https://github.com/Alamofire/Alamofire.git";
			requirement = {
				kind = upToNextMajorVersion;
				minimumVersion = 5.10.2;
			};
		};
		61915A9F2D81D68900CB3B5F /* XCRemoteSwiftPackageReference "SDWebImage" */ = {
			isa = XCRemoteSwiftPackageReference;
			repositoryURL = "https://github.com/SDWebImage/SDWebImage.git";
			requirement = {
				kind = upToNextMajorVersion;
				minimumVersion = 5.21.0;
			};
		};
		61B26B1D2D82509500D60DA1 /* XCRemoteSwiftPackageReference "lottie-ios" */ = {
			isa = XCRemoteSwiftPackageReference;
			repositoryURL = "https://github.com/airbnb/lottie-ios.git";
			requirement = {
				kind = upToNextMajorVersion;
				minimumVersion = 4.5.1;
			};
		};
/* End XCRemoteSwiftPackageReference section */

/* Begin XCSwiftPackageProductDependency section */
		61915A9B2D81C3FA00CB3B5F /* Alamofire */ = {
			isa = XCSwiftPackageProductDependency;
			package = 61915A9A2D81C3FA00CB3B5F /* XCRemoteSwiftPackageReference "Alamofire" */;
			productName = Alamofire;
		};
		61915AA02D81D68900CB3B5F /* SDWebImage */ = {
			isa = XCSwiftPackageProductDependency;
			package = 61915A9F2D81D68900CB3B5F /* XCRemoteSwiftPackageReference "SDWebImage" */;
			productName = SDWebImage;
		};
		61B26B1E2D82509500D60DA1 /* Lottie */ = {
			isa = XCSwiftPackageProductDependency;
			package = 61B26B1D2D82509500D60DA1 /* XCRemoteSwiftPackageReference "lottie-ios" */;
			productName = Lottie;
		};
/* End XCSwiftPackageProductDependency section */
	};
	rootObject = 619159AC2D816FE900CB3B5F /* Project object */;
}
